
Microsoft Visual Studio Solution File, Format Version 12.00
# Visual Studio Version 16
VisualStudioVersion = 16.0.29123.89
MinimumVisualStudioVersion = 10.0.40219.1
Project("{9A19103F-16F7-4668-BE54-9A1E7A4F7556}") = "Tanji", "Tanji\Tanji.csproj", "{19F71BF4-4FDC-45D0-B412-E2CFE019D441}"
EndProject
Project("{9A19103F-16F7-4668-BE54-9A1E7A4F7556}") = "Tangine", "Tangine\Tangine.csproj", "{CBFBAD3C-BB4B-4BAF-8F8F-E8795BD9113D}"
EndProject
Project("{9A19103F-16F7-4668-BE54-9A1E7A4F7556}") = "Eavesdrop", "Submodules\Eavesdrop\Eavesdrop\Eavesdrop.csproj", "{29AB109A-8343-45A9-A91E-0F54211FDD45}"
EndProject
Project("{9A19103F-16F7-4668-BE54-9A1E7A4F7556}") = "Flazzy", "Submodules\Sulakore\Submodules\Flazzy\Flazzy\Flazzy.csproj", "{DC3AD8F9-DC54-4EAF-B760-41A6E7BAC981}"
EndProject
Project("{9A19103F-16F7-4668-BE54-9A1E7A4F7556}") = "Sulakore", "Submodules\Sulakore\Sulakore\Sulakore.csproj", "{1FEAF78C-F060-4AF7-A394-2549CA66C723}"
EndProject
Global
	GlobalSection(SolutionConfigurationPlatforms) = preSolution
		Debug|Any CPU = Debug|Any CPU
		Release|Any CPU = Release|Any CPU
	EndGlobalSection
	GlobalSection(ProjectConfigurationPlatforms) = postSolution
		{19F71BF4-4FDC-45D0-B412-E2CFE019D441}.Debug|Any CPU.ActiveCfg = Debug|Any CPU
		{19F71BF4-4FDC-45D0-B412-E2CFE019D441}.Debug|Any CPU.Build.0 = Debug|Any CPU
		{19F71BF4-4FDC-45D0-B412-E2CFE019D441}.Release|Any CPU.ActiveCfg = Release|Any CPU
		{19F71BF4-4FDC-45D0-B412-E2CFE019D441}.Release|Any CPU.Build.0 = Release|Any CPU
		{CBFBAD3C-BB4B-4BAF-8F8F-E8795BD9113D}.Debug|Any CPU.ActiveCfg = Debug|Any CPU
		{CBFBAD3C-BB4B-4BAF-8F8F-E8795BD9113D}.Debug|Any CPU.Build.0 = Debug|Any CPU
		{CBFBAD3C-BB4B-4BAF-8F8F-E8795BD9113D}.Release|Any CPU.ActiveCfg = Release|Any CPU
		{CBFBAD3C-BB4B-4BAF-8F8F-E8795BD9113D}.Release|Any CPU.Build.0 = Release|Any CPU
		{29AB109A-8343-45A9-A91E-0F54211FDD45}.Debug|Any CPU.ActiveCfg = Debug|Any CPU
		{29AB109A-8343-45A9-A91E-0F54211FDD45}.Debug|Any CPU.Build.0 = Debug|Any CPU
		{29AB109A-8343-45A9-A91E-0F54211FDD45}.Release|Any CPU.ActiveCfg = Release|Any CPU
		{29AB109A-8343-45A9-A91E-0F54211FDD45}.Release|Any CPU.Build.0 = Release|Any CPU
		{DC3AD8F9-DC54-4EAF-B760-41A6E7BAC981}.Debug|Any CPU.ActiveCfg = Debug|Any CPU
		{DC3AD8F9-DC54-4EAF-B760-41A6E7BAC981}.Debug|Any CPU.Build.0 = Debug|Any CPU
		{DC3AD8F9-DC54-4EAF-B760-41A6E7BAC981}.Release|Any CPU.ActiveCfg = Release|Any CPU
		{DC3AD8F9-DC54-4EAF-B760-41A6E7BAC981}.Release|Any CPU.Build.0 = Release|Any CPU
		{1FEAF78C-F060-4AF7-A394-2549CA66C723}.Debug|Any CPU.ActiveCfg = Debug|Any CPU
		{1FEAF78C-F060-4AF7-A394-2549CA66C723}.Debug|Any CPU.Build.0 = Debug|Any CPU
		{1FEAF78C-F060-4AF7-A394-2549CA66C723}.Release|Any CPU.ActiveCfg = Release|Any CPU
		{1FEAF78C-F060-4AF7-A394-2549CA66C723}.Release|Any CPU.Build.0 = Release|Any CPU
	EndGlobalSection
	GlobalSection(SolutionProperties) = preSolution
		HideSolutionNode = FALSE
	EndGlobalSection
	GlobalSection(ExtensibilityGlobals) = postSolution
		SolutionGuid = {1F19AFF6-E957-4BC9-BB95-80786773C663}
	EndGlobalSection
EndGlobal
